
Microsoft Visual Studio Solution File, Format Version 12.00
# Visual Studio 15
VisualStudioVersion = 15.0.26124.0
MinimumVisualStudioVersion = 15.0.26124.0
Project("{FAE04EC0-301F-11D3-BF4B-00C04F79EFBC}") = "PetAdoption.Domain", "PetAdoption.Domain\PetAdoption.Domain.csproj", "{84AB7731-0819-4CE0-8660-7B4EE746B33F}"
EndProject
Project("{FAE04EC0-301F-11D3-BF4B-00C04F79EFBC}") = "PetAdoption.Api", "PetAdoption.Api\PetAdoption.Api.csproj", "{DD3F2A84-1FF1-45A1-818E-043B53FB466F}"
EndProject
Project("{FAE04EC0-301F-11D3-BF4B-00C04F79EFBC}") = "PetAdoption.Domain.Infra", "PetAdoption.Domain.Infra\PetAdoption.Domain.Infra.csproj", "{F4C56D72-04DF-4417-A07B-742BF3608B93}"
EndProject
Project("{FAE04EC0-301F-11D3-BF4B-00C04F79EFBC}") = "PetAdoption.Domain.Tests", "PetAdoption.Domain.Tests\PetAdoption.Domain.Tests.csproj", "{F7D109E9-86E2-4EF8-AFE2-C3F89A96F725}"
EndProject
Global
	GlobalSection(SolutionConfigurationPlatforms) = preSolution
		Debug|Any CPU = Debug|Any CPU
		Debug|x64 = Debug|x64
		Debug|x86 = Debug|x86
		Release|Any CPU = Release|Any CPU
		Release|x64 = Release|x64
		Release|x86 = Release|x86
	EndGlobalSection
	GlobalSection(SolutionProperties) = preSolution
		HideSolutionNode = FALSE
	EndGlobalSection
	GlobalSection(ProjectConfigurationPlatforms) = postSolution
		{84AB7731-0819-4CE0-8660-7B4EE746B33F}.Debug|Any CPU.ActiveCfg = Debug|Any CPU
		{84AB7731-0819-4CE0-8660-7B4EE746B33F}.Debug|Any CPU.Build.0 = Debug|Any CPU
		{84AB7731-0819-4CE0-8660-7B4EE746B33F}.Debug|x64.ActiveCfg = Debug|Any CPU
		{84AB7731-0819-4CE0-8660-7B4EE746B33F}.Debug|x64.Build.0 = Debug|Any CPU
		{84AB7731-0819-4CE0-8660-7B4EE746B33F}.Debug|x86.ActiveCfg = Debug|Any CPU
		{84AB7731-0819-4CE0-8660-7B4EE746B33F}.Debug|x86.Build.0 = Debug|Any CPU
		{84AB7731-0819-4CE0-8660-7B4EE746B33F}.Release|Any CPU.ActiveCfg = Release|Any CPU
		{84AB7731-0819-4CE0-8660-7B4EE746B33F}.Release|Any CPU.Build.0 = Release|Any CPU
		{84AB7731-0819-4CE0-8660-7B4EE746B33F}.Release|x64.ActiveCfg = Release|Any CPU
		{84AB7731-0819-4CE0-8660-7B4EE746B33F}.Release|x64.Build.0 = Release|Any CPU
		{84AB7731-0819-4CE0-8660-7B4EE746B33F}.Release|x86.ActiveCfg = Release|Any CPU
		{84AB7731-0819-4CE0-8660-7B4EE746B33F}.Release|x86.Build.0 = Release|Any CPU
		{DD3F2A84-1FF1-45A1-818E-043B53FB466F}.Debug|Any CPU.ActiveCfg = Debug|Any CPU
		{DD3F2A84-1FF1-45A1-818E-043B53FB466F}.Debug|Any CPU.Build.0 = Debug|Any CPU
		{DD3F2A84-1FF1-45A1-818E-043B53FB466F}.Debug|x64.ActiveCfg = Debug|Any CPU
		{DD3F2A84-1FF1-45A1-818E-043B53FB466F}.Debug|x64.Build.0 = Debug|Any CPU
		{DD3F2A84-1FF1-45A1-818E-043B53FB466F}.Debug|x86.ActiveCfg = Debug|Any CPU
		{DD3F2A84-1FF1-45A1-818E-043B53FB466F}.Debug|x86.Build.0 = Debug|Any CPU
		{DD3F2A84-1FF1-45A1-818E-043B53FB466F}.Release|Any CPU.ActiveCfg = Release|Any CPU
		{DD3F2A84-1FF1-45A1-818E-043B53FB466F}.Release|Any CPU.Build.0 = Release|Any CPU
		{DD3F2A84-1FF1-45A1-818E-043B53FB466F}.Release|x64.ActiveCfg = Release|Any CPU
		{DD3F2A84-1FF1-45A1-818E-043B53FB466F}.Release|x64.Build.0 = Release|Any CPU
		{DD3F2A84-1FF1-45A1-818E-043B53FB466F}.Release|x86.ActiveCfg = Release|Any CPU
		{DD3F2A84-1FF1-45A1-818E-043B53FB466F}.Release|x86.Build.0 = Release|Any CPU
		{F4C56D72-04DF-4417-A07B-742BF3608B93}.Debug|Any CPU.ActiveCfg = Debug|Any CPU
		{F4C56D72-04DF-4417-A07B-742BF3608B93}.Debug|Any CPU.Build.0 = Debug|Any CPU
		{F4C56D72-04DF-4417-A07B-742BF3608B93}.Debug|x64.ActiveCfg = Debug|Any CPU
		{F4C56D72-04DF-4417-A07B-742BF3608B93}.Debug|x64.Build.0 = Debug|Any CPU
		{F4C56D72-04DF-4417-A07B-742BF3608B93}.Debug|x86.ActiveCfg = Debug|Any CPU
		{F4C56D72-04DF-4417-A07B-742BF3608B93}.Debug|x86.Build.0 = Debug|Any CPU
		{F4C56D72-04DF-4417-A07B-742BF3608B93}.Release|Any CPU.ActiveCfg = Release|Any CPU
		{F4C56D72-04DF-4417-A07B-742BF3608B93}.Release|Any CPU.Build.0 = Release|Any CPU
		{F4C56D72-04DF-4417-A07B-742BF3608B93}.Release|x64.ActiveCfg = Release|Any CPU
		{F4C56D72-04DF-4417-A07B-742BF3608B93}.Release|x64.Build.0 = Release|Any CPU
		{F4C56D72-04DF-4417-A07B-742BF3608B93}.Release|x86.ActiveCfg = Release|Any CPU
		{F4C56D72-04DF-4417-A07B-742BF3608B93}.Release|x86.Build.0 = Release|Any CPU
		{F7D109E9-86E2-4EF8-AFE2-C3F89A96F725}.Debug|Any CPU.ActiveCfg = Debug|Any CPU
		{F7D109E9-86E2-4EF8-AFE2-C3F89A96F725}.Debug|Any CPU.Build.0 = Debug|Any CPU
		{F7D109E9-86E2-4EF8-AFE2-C3F89A96F725}.Debug|x64.ActiveCfg = Debug|Any CPU
		{F7D109E9-86E2-4EF8-AFE2-C3F89A96F725}.Debug|x64.Build.0 = Debug|Any CPU
		{F7D109E9-86E2-4EF8-AFE2-C3F89A96F725}.Debug|x86.ActiveCfg = Debug|Any CPU
		{F7D109E9-86E2-4EF8-AFE2-C3F89A96F725}.Debug|x86.Build.0 = Debug|Any CPU
		{F7D109E9-86E2-4EF8-AFE2-C3F89A96F725}.Release|Any CPU.ActiveCfg = Release|Any CPU
		{F7D109E9-86E2-4EF8-AFE2-C3F89A96F725}.Release|Any CPU.Build.0 = Release|Any CPU
		{F7D109E9-86E2-4EF8-AFE2-C3F89A96F725}.Release|x64.ActiveCfg = Release|Any CPU
		{F7D109E9-86E2-4EF8-AFE2-C3F89A96F725}.Release|x64.Build.0 = Release|Any CPU
		{F7D109E9-86E2-4EF8-AFE2-C3F89A96F725}.Release|x86.ActiveCfg = Release|Any CPU
		{F7D109E9-86E2-4EF8-AFE2-C3F89A96F725}.Release|x86.Build.0 = Release|Any CPU
	EndGlobalSection
EndGlobal
